
Microsoft Visual Studio Solution File, Format Version 12.00
# Visual Studio Version 17
VisualStudioVersion = 17.14.36203.30
MinimumVisualStudioVersion = 10.0.40219.1
Project("{8BC9CEB8-8B4A-11D0-8D11-00A0C91BC942}") = "TextRenderingEngine", "TextRenderingEngine\TextRenderingEngine.vcxproj", "{7A500E06-8262-487D-AB83-247618E56A5D}"
	ProjectSection(ProjectDependencies) = postProject
		{4D2A7082-260F-4126-9CB7-57E6C2C5C982} = {4D2A7082-260F-4126-9CB7-57E6C2C5C982}
	EndProjectSection
EndProject
Project("{8BC9CEB8-8B4A-11D0-8D11-00A0C91BC942}") = "DebuggingUtility", "DebuggingUtility\DebuggingUtility.vcxproj", "{4D2A7082-260F-4126-9CB7-57E6C2C5C982}"
EndProject
Project("{8BC9CEB8-8B4A-11D0-8D11-00A0C91BC942}") = "CommonUtility", "CommonUtility\CommonUtility.vcxproj", "{6D6AE3EA-C09E-4A82-B08F-1C8D926C4E24}"
EndProject
Global
	GlobalSection(SolutionConfigurationPlatforms) = preSolution
		Debug|x64 = Debug|x64
		Debug|x86 = Debug|x86
		Release|x64 = Release|x64
		Release|x86 = Release|x86
	EndGlobalSection
	GlobalSection(ProjectConfigurationPlatforms) = postSolution
		{7A500E06-8262-487D-AB83-247618E56A5D}.Debug|x64.ActiveCfg = Debug|x64
		{7A500E06-8262-487D-AB83-247618E56A5D}.Debug|x64.Build.0 = Debug|x64
		{7A500E06-8262-487D-AB83-247618E56A5D}.Debug|x86.ActiveCfg = Debug|Win32
		{7A500E06-8262-487D-AB83-247618E56A5D}.Debug|x86.Build.0 = Debug|Win32
		{7A500E06-8262-487D-AB83-247618E56A5D}.Release|x64.ActiveCfg = Release|x64
		{7A500E06-8262-487D-AB83-247618E56A5D}.Release|x64.Build.0 = Release|x64
		{7A500E06-8262-487D-AB83-247618E56A5D}.Release|x86.ActiveCfg = Release|Win32
		{7A500E06-8262-487D-AB83-247618E56A5D}.Release|x86.Build.0 = Release|Win32
		{4D2A7082-260F-4126-9CB7-57E6C2C5C982}.Debug|x64.ActiveCfg = Debug|x64
		{4D2A7082-260F-4126-9CB7-57E6C2C5C982}.Debug|x64.Build.0 = Debug|x64
		{4D2A7082-260F-4126-9CB7-57E6C2C5C982}.Debug|x86.ActiveCfg = Debug|Win32
		{4D2A7082-260F-4126-9CB7-57E6C2C5C982}.Debug|x86.Build.0 = Debug|Win32
		{4D2A7082-260F-4126-9CB7-57E6C2C5C982}.Release|x64.ActiveCfg = Release|x64
		{4D2A7082-260F-4126-9CB7-57E6C2C5C982}.Release|x64.Build.0 = Release|x64
		{4D2A7082-260F-4126-9CB7-57E6C2C5C982}.Release|x86.ActiveCfg = Release|Win32
		{4D2A7082-260F-4126-9CB7-57E6C2C5C982}.Release|x86.Build.0 = Release|Win32
		{6D6AE3EA-C09E-4A82-B08F-1C8D926C4E24}.Debug|x64.ActiveCfg = Debug|x64
		{6D6AE3EA-C09E-4A82-B08F-1C8D926C4E24}.Debug|x64.Build.0 = Debug|x64
		{6D6AE3EA-C09E-4A82-B08F-1C8D926C4E24}.Debug|x86.ActiveCfg = Debug|Win32
		{6D6AE3EA-C09E-4A82-B08F-1C8D926C4E24}.Debug|x86.Build.0 = Debug|Win32
		{6D6AE3EA-C09E-4A82-B08F-1C8D926C4E24}.Release|x64.ActiveCfg = Release|x64
		{6D6AE3EA-C09E-4A82-B08F-1C8D926C4E24}.Release|x64.Build.0 = Release|x64
		{6D6AE3EA-C09E-4A82-B08F-1C8D926C4E24}.Release|x86.ActiveCfg = Release|Win32
		{6D6AE3EA-C09E-4A82-B08F-1C8D926C4E24}.Release|x86.Build.0 = Release|Win32
	EndGlobalSection
	GlobalSection(SolutionProperties) = preSolution
		HideSolutionNode = FALSE
	EndGlobalSection
	GlobalSection(ExtensibilityGlobals) = postSolution
		SolutionGuid = {9BCDB7E8-067C-41BA-9964-B8D6EA2ABD06}
	EndGlobalSection
EndGlobal
